
Microsoft Visual Studio Solution File, Format Version 12.00
# Visual Studio Version 16
VisualStudioVersion = 16.0.29123.88
MinimumVisualStudioVersion = 10.0.40219.1
Project("{FAE04EC0-301F-11D3-BF4B-00C04F79EFBC}") = "TheStoreProject", "TheStoreProject\TheStoreProject.csproj", "{F23020ED-0CA5-46DE-BE0F-7954B9A58E05}"
EndProject
Global
	GlobalSection(SolutionConfigurationPlatforms) = preSolution
		Debug|Any CPU = Debug|Any CPU
		Release|Any CPU = Release|Any CPU
	EndGlobalSection
	GlobalSection(ProjectConfigurationPlatforms) = postSolution
		{F23020ED-0CA5-46DE-BE0F-7954B9A58E05}.Debug|Any CPU.ActiveCfg = Debug|Any CPU
		{F23020ED-0CA5-46DE-BE0F-7954B9A58E05}.Debug|Any CPU.Build.0 = Debug|Any CPU
		{F23020ED-0CA5-46DE-BE0F-7954B9A58E05}.Release|Any CPU.ActiveCfg = Release|Any CPU
		{F23020ED-0CA5-46DE-BE0F-7954B9A58E05}.Release|Any CPU.Build.0 = Release|Any CPU
	EndGlobalSection
	GlobalSection(SolutionProperties) = preSolution
		HideSolutionNode = FALSE
	EndGlobalSection
	GlobalSection(ExtensibilityGlobals) = postSolution
		SolutionGuid = {CAD534D3-B0F7-4475-AFAA-4BC6969AF458}
	EndGlobalSection
EndGlobal
